
Microsoft Visual Studio Solution File, Format Version 12.00
Project("{FAE04EC0-301F-11D3-BF4B-00C04F79EFBC}") = "CustomIoC", "CustomIoC.csproj", "{5B3D2913-B324-49B9-9E8F-251022930246}"
EndProject
Global
	GlobalSection(SolutionConfigurationPlatforms) = preSolution
		Debug|Any CPU = Debug|Any CPU
		Release|Any CPU = Release|Any CPU
	EndGlobalSection
	GlobalSection(ProjectConfigurationPlatforms) = postSolution
		{5B3D2913-B324-49B9-9E8F-251022930246}.Debug|Any CPU.ActiveCfg = Debug|Any CPU
		{5B3D2913-B324-49B9-9E8F-251022930246}.Debug|Any CPU.Build.0 = Debug|Any CPU
		{5B3D2913-B324-49B9-9E8F-251022930246}.Release|Any CPU.ActiveCfg = Release|Any CPU
		{5B3D2913-B324-49B9-9E8F-251022930246}.Release|Any CPU.Build.0 = Release|Any CPU
	EndGlobalSection
EndGlobal
